
Microsoft Visual Studio Solution File, Format Version 12.00
# Visual Studio Version 17
VisualStudioVersion = 17.5.002.0
MinimumVisualStudioVersion = 10.0.40219.1
Project("{2150E333-8FDC-42A3-9474-1A3956D46DE8}") = "Labfiles", "Labfiles", "{C1D490AA-68C7-4E30-A418-D89D0AA75998}"
EndProject
Project("{2150E333-8FDC-42A3-9474-1A3956D46DE8}") = "02-azure-openai-api", "02-azure-openai-api", "{2A4760A6-AD12-49B3-A6B0-DDCCC5EE5725}"
EndProject
Project("{9A19103F-16F7-4668-BE54-9A1E7A4F7556}") = "CSharp", "Labfiles\02-azure-openai-api\CSharp\CSharp.csproj", "{998A5CE1-020A-4463-8562-C34593446977}"
EndProject
Project("{2150E333-8FDC-42A3-9474-1A3956D46DE8}") = "03-prompt-engineering", "03-prompt-engineering", "{2B209085-7320-4446-A0A6-73DD2865B9EE}"
EndProject
Project("{9A19103F-16F7-4668-BE54-9A1E7A4F7556}") = "CSharp", "Labfiles\03-prompt-engineering\CSharp\CSharp.csproj", "{51A3FB8B-FB1B-4DD7-8D4C-BCEA91A2A33A}"
EndProject
Project("{2150E333-8FDC-42A3-9474-1A3956D46DE8}") = "04-code-generation", "04-code-generation", "{246A1ECB-3142-4011-9F3D-24DB50D5674C}"
EndProject
Project("{9A19103F-16F7-4668-BE54-9A1E7A4F7556}") = "CSharp", "Labfiles\04-code-generation\CSharp\CSharp.csproj", "{662C464B-1C44-4501-BA75-C245A36589E1}"
EndProject
Project("{2150E333-8FDC-42A3-9474-1A3956D46DE8}") = "05-image-generation", "05-image-generation", "{8DE9B9CD-8600-47B0-9766-62FE0492FB0E}"
EndProject
Project("{9A19103F-16F7-4668-BE54-9A1E7A4F7556}") = "generate_image", "Labfiles\05-image-generation\CSharp\generate_image.csproj", "{71733A18-2375-49D7-BB0A-6F01D06B4A92}"
EndProject
Project("{2150E333-8FDC-42A3-9474-1A3956D46DE8}") = "06-use-own-data", "06-use-own-data", "{0A91F1EB-6E0F-4BB7-A980-EA7A5FCFED81}"
EndProject
Project("{9A19103F-16F7-4668-BE54-9A1E7A4F7556}") = "CSharp", "Labfiles\06-use-own-data\CSharp\CSharp.csproj", "{DA0D3253-A38D-46D1-BB4A-A19B17FE326A}"
EndProject
Project("{2150E333-8FDC-42A3-9474-1A3956D46DE8}") = "sample-code", "sample-code", "{CBED34FB-6CD3-4FC5-B895-76A39B93ED33}"
EndProject
Project("{9A19103F-16F7-4668-BE54-9A1E7A4F7556}") = "CSharp", "Labfiles\04-code-generation\sample-code\go-fish\CSharp.csproj", "{92DCB589-E2B3-4A7A-885C-893ACAC95FCB}"
EndProject
Global
	GlobalSection(SolutionConfigurationPlatforms) = preSolution
		Debug|Any CPU = Debug|Any CPU
		Release|Any CPU = Release|Any CPU
	EndGlobalSection
	GlobalSection(ProjectConfigurationPlatforms) = postSolution
		{998A5CE1-020A-4463-8562-C34593446977}.Debug|Any CPU.ActiveCfg = Debug|Any CPU
		{998A5CE1-020A-4463-8562-C34593446977}.Debug|Any CPU.Build.0 = Debug|Any CPU
		{998A5CE1-020A-4463-8562-C34593446977}.Release|Any CPU.ActiveCfg = Release|Any CPU
		{998A5CE1-020A-4463-8562-C34593446977}.Release|Any CPU.Build.0 = Release|Any CPU
		{51A3FB8B-FB1B-4DD7-8D4C-BCEA91A2A33A}.Debug|Any CPU.ActiveCfg = Debug|Any CPU
		{51A3FB8B-FB1B-4DD7-8D4C-BCEA91A2A33A}.Debug|Any CPU.Build.0 = Debug|Any CPU
		{51A3FB8B-FB1B-4DD7-8D4C-BCEA91A2A33A}.Release|Any CPU.ActiveCfg = Release|Any CPU
		{51A3FB8B-FB1B-4DD7-8D4C-BCEA91A2A33A}.Release|Any CPU.Build.0 = Release|Any CPU
		{662C464B-1C44-4501-BA75-C245A36589E1}.Debug|Any CPU.ActiveCfg = Debug|Any CPU
		{662C464B-1C44-4501-BA75-C245A36589E1}.Debug|Any CPU.Build.0 = Debug|Any CPU
		{662C464B-1C44-4501-BA75-C245A36589E1}.Release|Any CPU.ActiveCfg = Release|Any CPU
		{662C464B-1C44-4501-BA75-C245A36589E1}.Release|Any CPU.Build.0 = Release|Any CPU
		{71733A18-2375-49D7-BB0A-6F01D06B4A92}.Debug|Any CPU.ActiveCfg = Debug|Any CPU
		{71733A18-2375-49D7-BB0A-6F01D06B4A92}.Debug|Any CPU.Build.0 = Debug|Any CPU
		{71733A18-2375-49D7-BB0A-6F01D06B4A92}.Release|Any CPU.ActiveCfg = Release|Any CPU
		{71733A18-2375-49D7-BB0A-6F01D06B4A92}.Release|Any CPU.Build.0 = Release|Any CPU
		{DA0D3253-A38D-46D1-BB4A-A19B17FE326A}.Debug|Any CPU.ActiveCfg = Debug|Any CPU
		{DA0D3253-A38D-46D1-BB4A-A19B17FE326A}.Debug|Any CPU.Build.0 = Debug|Any CPU
		{DA0D3253-A38D-46D1-BB4A-A19B17FE326A}.Release|Any CPU.ActiveCfg = Release|Any CPU
		{DA0D3253-A38D-46D1-BB4A-A19B17FE326A}.Release|Any CPU.Build.0 = Release|Any CPU
		{92DCB589-E2B3-4A7A-885C-893ACAC95FCB}.Debug|Any CPU.ActiveCfg = Debug|Any CPU
		{92DCB589-E2B3-4A7A-885C-893ACAC95FCB}.Debug|Any CPU.Build.0 = Debug|Any CPU
		{92DCB589-E2B3-4A7A-885C-893ACAC95FCB}.Release|Any CPU.ActiveCfg = Release|Any CPU
		{92DCB589-E2B3-4A7A-885C-893ACAC95FCB}.Release|Any CPU.Build.0 = Release|Any CPU
	EndGlobalSection
	GlobalSection(SolutionProperties) = preSolution
		HideSolutionNode = FALSE
	EndGlobalSection
	GlobalSection(NestedProjects) = preSolution
		{2A4760A6-AD12-49B3-A6B0-DDCCC5EE5725} = {C1D490AA-68C7-4E30-A418-D89D0AA75998}
		{998A5CE1-020A-4463-8562-C34593446977} = {2A4760A6-AD12-49B3-A6B0-DDCCC5EE5725}
		{2B209085-7320-4446-A0A6-73DD2865B9EE} = {C1D490AA-68C7-4E30-A418-D89D0AA75998}
		{51A3FB8B-FB1B-4DD7-8D4C-BCEA91A2A33A} = {2B209085-7320-4446-A0A6-73DD2865B9EE}
		{246A1ECB-3142-4011-9F3D-24DB50D5674C} = {C1D490AA-68C7-4E30-A418-D89D0AA75998}
		{662C464B-1C44-4501-BA75-C245A36589E1} = {246A1ECB-3142-4011-9F3D-24DB50D5674C}
		{8DE9B9CD-8600-47B0-9766-62FE0492FB0E} = {C1D490AA-68C7-4E30-A418-D89D0AA75998}
		{71733A18-2375-49D7-BB0A-6F01D06B4A92} = {8DE9B9CD-8600-47B0-9766-62FE0492FB0E}
		{0A91F1EB-6E0F-4BB7-A980-EA7A5FCFED81} = {C1D490AA-68C7-4E30-A418-D89D0AA75998}
		{DA0D3253-A38D-46D1-BB4A-A19B17FE326A} = {0A91F1EB-6E0F-4BB7-A980-EA7A5FCFED81}
		{CBED34FB-6CD3-4FC5-B895-76A39B93ED33} = {246A1ECB-3142-4011-9F3D-24DB50D5674C}
		{92DCB589-E2B3-4A7A-885C-893ACAC95FCB} = {CBED34FB-6CD3-4FC5-B895-76A39B93ED33}
	EndGlobalSection
	GlobalSection(ExtensibilityGlobals) = postSolution
		SolutionGuid = {F47B5C64-8518-44CC-9C99-34FF5DFC12A2}
	EndGlobalSection
EndGlobal
